
Microsoft Visual Studio Solution File, Format Version 12.00
# Visual Studio Version 17
VisualStudioVersion = 17.0.31611.283
MinimumVisualStudioVersion = 10.0.40219.1
Project("{9A19103F-16F7-4668-BE54-9A1E7A4F7556}") = "BorderTest", "BorderTest.csproj", "{DD10883F-2CAE-4F2D-A4E4-E1F53557C7AA}"
EndProject
Global
	GlobalSection(SolutionConfigurationPlatforms) = preSolution
		Debug|Any CPU = Debug|Any CPU
		Release|Any CPU = Release|Any CPU
	EndGlobalSection
	GlobalSection(ProjectConfigurationPlatforms) = postSolution
		{DD10883F-2CAE-4F2D-A4E4-E1F53557C7AA}.Debug|Any CPU.ActiveCfg = Debug|Any CPU
		{DD10883F-2CAE-4F2D-A4E4-E1F53557C7AA}.Debug|Any CPU.Build.0 = Debug|Any CPU
		{DD10883F-2CAE-4F2D-A4E4-E1F53557C7AA}.Debug|Any CPU.Deploy.0 = Debug|Any CPU
		{DD10883F-2CAE-4F2D-A4E4-E1F53557C7AA}.Release|Any CPU.ActiveCfg = Release|Any CPU
		{DD10883F-2CAE-4F2D-A4E4-E1F53557C7AA}.Release|Any CPU.Build.0 = Release|Any CPU
		{DD10883F-2CAE-4F2D-A4E4-E1F53557C7AA}.Release|Any CPU.Deploy.0 = Release|Any CPU
	EndGlobalSection
	GlobalSection(SolutionProperties) = preSolution
		HideSolutionNode = FALSE
	EndGlobalSection
	GlobalSection(ExtensibilityGlobals) = postSolution
		SolutionGuid = {61F7FB11-1E47-470C-91E2-47F8143E1572}
	EndGlobalSection
EndGlobal
